
Microsoft Visual Studio Solution File, Format Version 12.00
# Visual Studio Version 16
VisualStudioVersion = 16.0.31424.327
MinimumVisualStudioVersion = 10.0.40219.1
Project("{FAE04EC0-301F-11D3-BF4B-00C04F79EFBC}") = "TrackerLibrary", "TrackerLibrary\TrackerLibrary.csproj", "{23D183C1-917E-48F7-A553-9C58E9316B9C}"
EndProject
Project("{FAE04EC0-301F-11D3-BF4B-00C04F79EFBC}") = "TrackerUI", "TrackerUI\TrackerUI.csproj", "{A33B08BE-B915-413F-AC2E-637D027F59D7}"
EndProject
Global
	GlobalSection(SolutionConfigurationPlatforms) = preSolution
		Debug|Any CPU = Debug|Any CPU
		Release|Any CPU = Release|Any CPU
	EndGlobalSection
	GlobalSection(ProjectConfigurationPlatforms) = postSolution
		{23D183C1-917E-48F7-A553-9C58E9316B9C}.Debug|Any CPU.ActiveCfg = Debug|Any CPU
		{23D183C1-917E-48F7-A553-9C58E9316B9C}.Debug|Any CPU.Build.0 = Debug|Any CPU
		{23D183C1-917E-48F7-A553-9C58E9316B9C}.Release|Any CPU.ActiveCfg = Release|Any CPU
		{23D183C1-917E-48F7-A553-9C58E9316B9C}.Release|Any CPU.Build.0 = Release|Any CPU
		{A33B08BE-B915-413F-AC2E-637D027F59D7}.Debug|Any CPU.ActiveCfg = Debug|Any CPU
		{A33B08BE-B915-413F-AC2E-637D027F59D7}.Debug|Any CPU.Build.0 = Debug|Any CPU
		{A33B08BE-B915-413F-AC2E-637D027F59D7}.Release|Any CPU.ActiveCfg = Release|Any CPU
		{A33B08BE-B915-413F-AC2E-637D027F59D7}.Release|Any CPU.Build.0 = Release|Any CPU
	EndGlobalSection
	GlobalSection(SolutionProperties) = preSolution
		HideSolutionNode = FALSE
	EndGlobalSection
	GlobalSection(ExtensibilityGlobals) = postSolution
		SolutionGuid = {91C0FA0D-8D18-4432-9944-8886AEA8B119}
	EndGlobalSection
EndGlobal
